
Microsoft Visual Studio Solution File, Format Version 12.00
# Visual Studio Version 17
VisualStudioVersion = 17.12.35514.174 d17.12
MinimumVisualStudioVersion = 10.0.40219.1
Project("{FAE04EC0-301F-11D3-BF4B-00C04F79EFBC}") = "StudentGradingSystem", "StudentGradingSystem\StudentGradingSystem.csproj", "{068269FC-21A9-4842-9286-98D7FD36B7BC}"
EndProject
Global
	GlobalSection(SolutionConfigurationPlatforms) = preSolution
		Debug|Any CPU = Debug|Any CPU
		Release|Any CPU = Release|Any CPU
	EndGlobalSection
	GlobalSection(ProjectConfigurationPlatforms) = postSolution
		{068269FC-21A9-4842-9286-98D7FD36B7BC}.Debug|Any CPU.ActiveCfg = Debug|Any CPU
		{068269FC-21A9-4842-9286-98D7FD36B7BC}.Debug|Any CPU.Build.0 = Debug|Any CPU
		{068269FC-21A9-4842-9286-98D7FD36B7BC}.Release|Any CPU.ActiveCfg = Release|Any CPU
		{068269FC-21A9-4842-9286-98D7FD36B7BC}.Release|Any CPU.Build.0 = Release|Any CPU
	EndGlobalSection
	GlobalSection(SolutionProperties) = preSolution
		HideSolutionNode = FALSE
	EndGlobalSection
EndGlobal
